{"name":"@gef-bootstrap/workspace","version":"0.0.0","lockfileVersion":3,"requires":true,"packages":{"":{"name":"@gef-bootstrap/workspace","version":"0.0.0","workspaces":["packages/*"],"devDependencies":{"typescript":"6.0.3"}},"node_modules/@gef-bootstrap/adoption-engine":{"resolved":"packages/adoption-engine","link":true},"node_modules/@gef-bootstrap/checkpoint-engine":{"resolved":"packages/checkpoint-engine","link":true},"node_modules/@gef-bootstrap/cli":{"resolved":"packages/cli","link":true},"node_modules/@gef-bootstrap/config":{"resolved":"packages/config","link":true},"node_modules/@gef-bootstrap/contracts":{"resolved":"packages/contracts","link":true},"node_modules/@gef-bootstrap/decision-system":{"resolved":"packages/decision-system","link":true},"node_modules/@gef-bootstrap/estimation-engine":{"resolved":"packages/estimation-engine","link":true},"node_modules/@gef-bootstrap/execution-pack-compiler":{"resolved":"packages/execution-pack-compiler","link":true},"node_modules/@gef-bootstrap/kernel":{"resolved":"packages/kernel","link":true},"node_modules/@gef-bootstrap/planning-workspace":{"resolved":"packages/planning-workspace","link":true},"node_modules/@gef-bootstrap/policy-guardrail-engine":{"resolved":"packages/policy-guardrail-engine","link":true},"node_modules/@gef-bootstrap/preflight":{"resolved":"packages/preflight","link":true},"node_modules/@gef-bootstrap/progress-engine":{"resolved":"packages/progress-engine","link":true},"node_modules/@gef-bootstrap/project-identity":{"resolved":"packages/project-identity","link":true},"node_modules/@gef-bootstrap/project-profiles":{"resolved":"packages/project-profiles","link":true},"node_modules/@gef-bootstrap/project-registry":{"resolved":"packages/project-registry","link":true},"node_modules/@gef-bootstrap/project-status-engine":{"resolved":"packages/project-status-engine","link":true},"node_modules/@gef-bootstrap/response-contract":{"resolved":"packages/response-contract","link":true},"node_modules/@gef-bootstrap/resume-engine":{"resolved":"packages/resume-engine","link":true},"node_modules/@gef-bootstrap/scope-dod-engine":{"resolved":"packages/scope-dod-engine","link":true},"node_modules/@gef-bootstrap/source-pack":{"resolved":"packages/source-pack","link":true},"node_modules/@gef-bootstrap/task-context-compiler":{"resolved":"packages/task-context-compiler","link":true},"node_modules/@gef-bootstrap/template-engine":{"resolved":"packages/template-engine","link":true},"node_modules/typescript":{"version":"6.0.3","resolved":"https://registry.npmjs.org/typescript/-/typescript-6.0.3.tgz","integrity":"sha512-y2TvuxSZPDyQakkFRPZHKFm+KKVqIisdg9/CZwm9ftvKXLP8NRWj38/ODjNbr43SsoXqNuAisEf1GdCxqWcdBw==","dev":true,"license":"Apache-2.0","bin":{"tsc":"bin/tsc","tsserver":"bin/tsserver"},"engines":{"node":">=14.17"}},"packages/adoption-engine":{"name":"@gef-bootstrap/adoption-engine","version":"0.0.0"},"packages/checkpoint-engine":{"name":"@gef-bootstrap/checkpoint-engine","version":"0.0.0","dependencies":{"@gef-bootstrap/policy-guardrail-engine":"0.0.0"}},"packages/cli":{"name":"@gef-bootstrap/cli","version":"0.0.0","dependencies":{"@gef-bootstrap/contracts":"0.0.0","@gef-bootstrap/kernel":"0.0.0"}},"packages/config":{"name":"@gef-bootstrap/config","version":"0.0.0","dependencies":{"@gef-bootstrap/contracts":"0.0.0"}},"packages/contracts":{"name":"@gef-bootstrap/contracts","version":"0.0.0"},"packages/decision-system":{"name":"@gef-bootstrap/decision-system","version":"0.0.0"},"packages/estimation-engine":{"name":"@gef-bootstrap/estimation-engine","version":"0.0.0"},"packages/execution-pack-compiler":{"name":"@gef-bootstrap/execution-pack-compiler","version":"0.0.0","dependencies":{"@gef-bootstrap/task-context-compiler":"0.0.0"}},"packages/kernel":{"name":"@gef-bootstrap/kernel","version":"0.0.0","dependencies":{"@gef-bootstrap/contracts":"0.0.0"}},"packages/planning-workspace":{"name":"@gef-bootstrap/planning-workspace","version":"0.0.0"},"packages/policy-guardrail-engine":{"name":"@gef-bootstrap/policy-guardrail-engine","version":"0.0.0","dependencies":{"@gef-bootstrap/execution-pack-compiler":"0.0.0"}},"packages/preflight":{"name":"@gef-bootstrap/preflight","version":"0.0.0","dependencies":{"@gef-bootstrap/config":"0.0.0","@gef-bootstrap/project-identity":"0.0.0"}},"packages/progress-engine":{"name":"@gef-bootstrap/progress-engine","version":"0.0.0"},"packages/project-identity":{"name":"@gef-bootstrap/project-identity","version":"0.0.0","dependencies":{"@gef-bootstrap/contracts":"0.0.0"}},"packages/project-profiles":{"name":"@gef-bootstrap/project-profiles","version":"0.0.0"},"packages/project-registry":{"name":"@gef-bootstrap/project-registry","version":"0.0.0","dependencies":{"@gef-bootstrap/project-identity":"0.0.0"}},"packages/project-status-engine":{"name":"@gef-bootstrap/project-status-engine","version":"0.0.0","dependencies":{"@gef-bootstrap/checkpoint-engine":"0.0.0","@gef-bootstrap/resume-engine":"0.0.0","@gef-bootstrap/progress-engine":"0.0.0","@gef-bootstrap/estimation-engine":"0.0.0"}},"packages/response-contract":{"name":"@gef-bootstrap/response-contract","version":"0.0.0"},"packages/resume-engine":{"name":"@gef-bootstrap/resume-engine","version":"0.0.0","dependencies":{"@gef-bootstrap/checkpoint-engine":"0.0.0"}},"packages/scope-dod-engine":{"name":"@gef-bootstrap/scope-dod-engine","version":"0.0.0"},"packages/source-pack":{"name":"@gef-bootstrap/source-pack","version":"0.0.0"},"packages/task-context-compiler":{"name":"@gef-bootstrap/task-context-compiler","version":"0.0.0"},"packages/template-engine":{"name":"@gef-bootstrap/template-engine","version":"0.0.0"}}}
