{
  "name": "@gef-bootstrap/workspace",
  "version": "0.0.0",
  "lockfileVersion": 3,
  "requires": true,
  "packages": {
    "": {
      "name": "@gef-bootstrap/workspace",
      "version": "0.0.0",
      "workspaces": ["packages/*"],
      "devDependencies": {"typescript": "6.0.3"}
    },
    "node_modules/@gef-bootstrap/cli": {"resolved": "packages/cli", "link": true},
    "node_modules/@gef-bootstrap/config": {"resolved": "packages/config", "link": true},
    "node_modules/@gef-bootstrap/contracts": {"resolved": "packages/contracts", "link": true},
    "node_modules/@gef-bootstrap/kernel": {"resolved": "packages/kernel", "link": true},
    "node_modules/@gef-bootstrap/project-identity": {"resolved": "packages/project-identity", "link": true},
    "node_modules/typescript": {
      "version": "6.0.3",
      "resolved": "https://registry.npmjs.org/typescript/-/typescript-6.0.3.tgz",
      "integrity": "sha512-y2TvuxSZPDyQakkFRPZHKFm+KKVqIisdg9/CZwm9ftvKXLP8NRWj38/ODjNbr43SsoXqNuAisEf1GdCxqWcdBw==",
      "dev": true,
      "license": "Apache-2.0",
      "bin": {"tsc": "bin/tsc", "tsserver": "bin/tsserver"},
      "engines": {"node": ">=14.17"}
    },
    "packages/cli": {
      "name": "@gef-bootstrap/cli",
      "version": "0.0.0",
      "dependencies": {"@gef-bootstrap/contracts": "0.0.0", "@gef-bootstrap/kernel": "0.0.0"}
    },
    "packages/config": {
      "name": "@gef-bootstrap/config",
      "version": "0.0.0",
      "dependencies": {"@gef-bootstrap/contracts": "0.0.0"}
    },
    "packages/contracts": {"name": "@gef-bootstrap/contracts", "version": "0.0.0"},
    "packages/kernel": {
      "name": "@gef-bootstrap/kernel",
      "version": "0.0.0",
      "dependencies": {"@gef-bootstrap/contracts": "0.0.0"}
    },
    "packages/project-identity": {
      "name": "@gef-bootstrap/project-identity",
      "version": "0.0.0",
      "dependencies": {"@gef-bootstrap/contracts": "0.0.0"}
    }
  }
}
